
Microsoft Visual Studio Solution File, Format Version 12.00
# Visual Studio Version 16
VisualStudioVersion = 16.0.33801.447
MinimumVisualStudioVersion = 10.0.40219.1
Project("{FAE04EC0-301F-11D3-BF4B-00C04F79EFBC}") = "RandomQuestionsGame", "RandomQuestionGame\RandomQuestionsGame.csproj", "{B55CF7FC-9B4B-4C17-A05B-205DDB3CA193}"
EndProject
Global
	GlobalSection(SolutionConfigurationPlatforms) = preSolution
		Debug|Any CPU = Debug|Any CPU
		Release|Any CPU = Release|Any CPU
	EndGlobalSection
	GlobalSection(ProjectConfigurationPlatforms) = postSolution
		{B55CF7FC-9B4B-4C17-A05B-205DDB3CA193}.Debug|Any CPU.ActiveCfg = Debug|Any CPU
		{B55CF7FC-9B4B-4C17-A05B-205DDB3CA193}.Debug|Any CPU.Build.0 = Debug|Any CPU
		{B55CF7FC-9B4B-4C17-A05B-205DDB3CA193}.Release|Any CPU.ActiveCfg = Release|Any CPU
		{B55CF7FC-9B4B-4C17-A05B-205DDB3CA193}.Release|Any CPU.Build.0 = Release|Any CPU
	EndGlobalSection
	GlobalSection(SolutionProperties) = preSolution
		HideSolutionNode = FALSE
	EndGlobalSection
	GlobalSection(ExtensibilityGlobals) = postSolution
		SolutionGuid = {DA906749-1FEE-472E-BD7C-5D8DF7462F86}
	EndGlobalSection
EndGlobal
